
Microsoft Visual Studio Solution File, Format Version 12.00
# Visual Studio Version 17
VisualStudioVersion = 17.5.33414.496
MinimumVisualStudioVersion = 10.0.40219.1
Project("{FAE04EC0-301F-11D3-BF4B-00C04F79EFBC}") = "SFmodule25HW", "SFmodule25HW\SFmodule25HW.csproj", "{8F61FF41-062B-4FFB-97B2-BDDFFD4EA73B}"
EndProject
Global
	GlobalSection(SolutionConfigurationPlatforms) = preSolution
		Debug|Any CPU = Debug|Any CPU
		Release|Any CPU = Release|Any CPU
	EndGlobalSection
	GlobalSection(ProjectConfigurationPlatforms) = postSolution
		{8F61FF41-062B-4FFB-97B2-BDDFFD4EA73B}.Debug|Any CPU.ActiveCfg = Debug|Any CPU
		{8F61FF41-062B-4FFB-97B2-BDDFFD4EA73B}.Debug|Any CPU.Build.0 = Debug|Any CPU
		{8F61FF41-062B-4FFB-97B2-BDDFFD4EA73B}.Release|Any CPU.ActiveCfg = Release|Any CPU
		{8F61FF41-062B-4FFB-97B2-BDDFFD4EA73B}.Release|Any CPU.Build.0 = Release|Any CPU
	EndGlobalSection
	GlobalSection(SolutionProperties) = preSolution
		HideSolutionNode = FALSE
	EndGlobalSection
	GlobalSection(ExtensibilityGlobals) = postSolution
		SolutionGuid = {D099A6FC-8423-4D31-8DCA-B44AACE3FE76}
	EndGlobalSection
EndGlobal
